
Microsoft Visual Studio Solution File, Format Version 12.00
# Visual Studio Version 17
VisualStudioVersion = 17.1.32210.238
MinimumVisualStudioVersion = 10.0.40219.1
Project("{FAE04EC0-301F-11D3-BF4B-00C04F79EFBC}") = "BookUI.UWP", "BookUI\BookUI.UWP\BookUI.UWP.csproj", "{07DCFCA3-8684-48DF-B148-C740D271385A}"
EndProject
Project("{FAE04EC0-301F-11D3-BF4B-00C04F79EFBC}") = "BookUI.Android", "BookUI\BookUI.Android\BookUI.Android.csproj", "{820FF811-4DBA-4ADD-ACFE-54165B19C6A6}"
EndProject
Project("{FAE04EC0-301F-11D3-BF4B-00C04F79EFBC}") = "BookUI.iOS", "BookUI\BookUI.iOS\BookUI.iOS.csproj", "{12DFAFCE-6480-4299-8C91-E386EAC8B7D6}"
EndProject
Project("{FAE04EC0-301F-11D3-BF4B-00C04F79EFBC}") = "BookUI", "BookUI\BookUI\BookUI.csproj", "{3D3F9D5A-D3E7-4F0C-8DD1-EF1AB2E2785B}"
EndProject
Global
	GlobalSection(SolutionConfigurationPlatforms) = preSolution
		Debug|Any CPU = Debug|Any CPU
		Debug|ARM = Debug|ARM
		Debug|iPhone = Debug|iPhone
		Debug|iPhoneSimulator = Debug|iPhoneSimulator
		Debug|x64 = Debug|x64
		Debug|x86 = Debug|x86
		Release|Any CPU = Release|Any CPU
		Release|ARM = Release|ARM
		Release|iPhone = Release|iPhone
		Release|iPhoneSimulator = Release|iPhoneSimulator
		Release|x64 = Release|x64
		Release|x86 = Release|x86
	EndGlobalSection
	GlobalSection(ProjectConfigurationPlatforms) = postSolution
		{07DCFCA3-8684-48DF-B148-C740D271385A}.Debug|Any CPU.ActiveCfg = Debug|x64
		{07DCFCA3-8684-48DF-B148-C740D271385A}.Debug|Any CPU.Build.0 = Debug|x64
		{07DCFCA3-8684-48DF-B148-C740D271385A}.Debug|Any CPU.Deploy.0 = Debug|x64
		{07DCFCA3-8684-48DF-B148-C740D271385A}.Debug|ARM.ActiveCfg = Debug|ARM
		{07DCFCA3-8684-48DF-B148-C740D271385A}.Debug|ARM.Build.0 = Debug|ARM
		{07DCFCA3-8684-48DF-B148-C740D271385A}.Debug|ARM.Deploy.0 = Debug|ARM
		{07DCFCA3-8684-48DF-B148-C740D271385A}.Debug|iPhone.ActiveCfg = Debug|x64
		{07DCFCA3-8684-48DF-B148-C740D271385A}.Debug|iPhone.Build.0 = Debug|x64
		{07DCFCA3-8684-48DF-B148-C740D271385A}.Debug|iPhone.Deploy.0 = Debug|x64
		{07DCFCA3-8684-48DF-B148-C740D271385A}.Debug|iPhoneSimulator.ActiveCfg = Debug|x64
		{07DCFCA3-8684-48DF-B148-C740D271385A}.Debug|iPhoneSimulator.Build.0 = Debug|x64
		{07DCFCA3-8684-48DF-B148-C740D271385A}.Debug|iPhoneSimulator.Deploy.0 = Debug|x64
		{07DCFCA3-8684-48DF-B148-C740D271385A}.Debug|x64.ActiveCfg = Debug|x64
		{07DCFCA3-8684-48DF-B148-C740D271385A}.Debug|x64.Build.0 = Debug|x64
		{07DCFCA3-8684-48DF-B148-C740D271385A}.Debug|x64.Deploy.0 = Debug|x64
		{07DCFCA3-8684-48DF-B148-C740D271385A}.Debug|x86.ActiveCfg = Debug|x86
		{07DCFCA3-8684-48DF-B148-C740D271385A}.Debug|x86.Build.0 = Debug|x86
		{07DCFCA3-8684-48DF-B148-C740D271385A}.Debug|x86.Deploy.0 = Debug|x86
		{07DCFCA3-8684-48DF-B148-C740D271385A}.Release|Any CPU.ActiveCfg = Release|x64
		{07DCFCA3-8684-48DF-B148-C740D271385A}.Release|Any CPU.Build.0 = Release|x64
		{07DCFCA3-8684-48DF-B148-C740D271385A}.Release|Any CPU.Deploy.0 = Release|x64
		{07DCFCA3-8684-48DF-B148-C740D271385A}.Release|ARM.ActiveCfg = Release|ARM
		{07DCFCA3-8684-48DF-B148-C740D271385A}.Release|ARM.Build.0 = Release|ARM
		{07DCFCA3-8684-48DF-B148-C740D271385A}.Release|ARM.Deploy.0 = Release|ARM
		{07DCFCA3-8684-48DF-B148-C740D271385A}.Release|iPhone.ActiveCfg = Release|x64
		{07DCFCA3-8684-48DF-B148-C740D271385A}.Release|iPhone.Build.0 = Release|x64
		{07DCFCA3-8684-48DF-B148-C740D271385A}.Release|iPhone.Deploy.0 = Release|x64
		{07DCFCA3-8684-48DF-B148-C740D271385A}.Release|iPhoneSimulator.ActiveCfg = Release|x64
		{07DCFCA3-8684-48DF-B148-C740D271385A}.Release|iPhoneSimulator.Build.0 = Release|x64
		{07DCFCA3-8684-48DF-B148-C740D271385A}.Release|iPhoneSimulator.Deploy.0 = Release|x64
		{07DCFCA3-8684-48DF-B148-C740D271385A}.Release|x64.ActiveCfg = Release|x64
		{07DCFCA3-8684-48DF-B148-C740D271385A}.Release|x64.Build.0 = Release|x64
		{07DCFCA3-8684-48DF-B148-C740D271385A}.Release|x64.Deploy.0 = Release|x64
		{07DCFCA3-8684-48DF-B148-C740D271385A}.Release|x86.ActiveCfg = Release|x86
		{07DCFCA3-8684-48DF-B148-C740D271385A}.Release|x86.Build.0 = Release|x86
		{07DCFCA3-8684-48DF-B148-C740D271385A}.Release|x86.Deploy.0 = Release|x86
		{820FF811-4DBA-4ADD-ACFE-54165B19C6A6}.Debug|Any CPU.ActiveCfg = Debug|Any CPU
		{820FF811-4DBA-4ADD-ACFE-54165B19C6A6}.Debug|Any CPU.Build.0 = Debug|Any CPU
		{820FF811-4DBA-4ADD-ACFE-54165B19C6A6}.Debug|Any CPU.Deploy.0 = Debug|Any CPU
		{820FF811-4DBA-4ADD-ACFE-54165B19C6A6}.Debug|ARM.ActiveCfg = Debug|Any CPU
		{820FF811-4DBA-4ADD-ACFE-54165B19C6A6}.Debug|ARM.Build.0 = Debug|Any CPU
		{820FF811-4DBA-4ADD-ACFE-54165B19C6A6}.Debug|ARM.Deploy.0 = Debug|Any CPU
		{820FF811-4DBA-4ADD-ACFE-54165B19C6A6}.Debug|iPhone.ActiveCfg = Debug|Any CPU
		{820FF811-4DBA-4ADD-ACFE-54165B19C6A6}.Debug|iPhone.Build.0 = Debug|Any CPU
		{820FF811-4DBA-4ADD-ACFE-54165B19C6A6}.Debug|iPhone.Deploy.0 = Debug|Any CPU
		{820FF811-4DBA-4ADD-ACFE-54165B19C6A6}.Debug|iPhoneSimulator.ActiveCfg = Debug|Any CPU
		{820FF811-4DBA-4ADD-ACFE-54165B19C6A6}.Debug|iPhoneSimulator.Build.0 = Debug|Any CPU
		{820FF811-4DBA-4ADD-ACFE-54165B19C6A6}.Debug|iPhoneSimulator.Deploy.0 = Debug|Any CPU
		{820FF811-4DBA-4ADD-ACFE-54165B19C6A6}.Debug|x64.ActiveCfg = Debug|Any CPU
		{820FF811-4DBA-4ADD-ACFE-54165B19C6A6}.Debug|x64.Build.0 = Debug|Any CPU
		{820FF811-4DBA-4ADD-ACFE-54165B19C6A6}.Debug|x64.Deploy.0 = Debug|Any CPU
		{820FF811-4DBA-4ADD-ACFE-54165B19C6A6}.Debug|x86.ActiveCfg = Debug|Any CPU
		{820FF811-4DBA-4ADD-ACFE-54165B19C6A6}.Debug|x86.Build.0 = Debug|Any CPU
		{820FF811-4DBA-4ADD-ACFE-54165B19C6A6}.Debug|x86.Deploy.0 = Debug|Any CPU
		{820FF811-4DBA-4ADD-ACFE-54165B19C6A6}.Release|Any CPU.ActiveCfg = Release|Any CPU
		{820FF811-4DBA-4ADD-ACFE-54165B19C6A6}.Release|Any CPU.Build.0 = Release|Any CPU
		{820FF811-4DBA-4ADD-ACFE-54165B19C6A6}.Release|Any CPU.Deploy.0 = Release|Any CPU
		{820FF811-4DBA-4ADD-ACFE-54165B19C6A6}.Release|ARM.ActiveCfg = Release|Any CPU
		{820FF811-4DBA-4ADD-ACFE-54165B19C6A6}.Release|ARM.Build.0 = Release|Any CPU
		{820FF811-4DBA-4ADD-ACFE-54165B19C6A6}.Release|ARM.Deploy.0 = Release|Any CPU
		{820FF811-4DBA-4ADD-ACFE-54165B19C6A6}.Release|iPhone.ActiveCfg = Release|Any CPU
		{820FF811-4DBA-4ADD-ACFE-54165B19C6A6}.Release|iPhone.Build.0 = Release|Any CPU
		{820FF811-4DBA-4ADD-ACFE-54165B19C6A6}.Release|iPhone.Deploy.0 = Release|Any CPU
		{820FF811-4DBA-4ADD-ACFE-54165B19C6A6}.Release|iPhoneSimulator.ActiveCfg = Release|Any CPU
		{820FF811-4DBA-4ADD-ACFE-54165B19C6A6}.Release|iPhoneSimulator.Build.0 = Release|Any CPU
		{820FF811-4DBA-4ADD-ACFE-54165B19C6A6}.Release|iPhoneSimulator.Deploy.0 = Release|Any CPU
		{820FF811-4DBA-4ADD-ACFE-54165B19C6A6}.Release|x64.ActiveCfg = Release|Any CPU
		{820FF811-4DBA-4ADD-ACFE-54165B19C6A6}.Release|x64.Build.0 = Release|Any CPU
		{820FF811-4DBA-4ADD-ACFE-54165B19C6A6}.Release|x64.Deploy.0 = Release|Any CPU
		{820FF811-4DBA-4ADD-ACFE-54165B19C6A6}.Release|x86.ActiveCfg = Release|Any CPU
		{820FF811-4DBA-4ADD-ACFE-54165B19C6A6}.Release|x86.Build.0 = Release|Any CPU
		{820FF811-4DBA-4ADD-ACFE-54165B19C6A6}.Release|x86.Deploy.0 = Release|Any CPU
		{12DFAFCE-6480-4299-8C91-E386EAC8B7D6}.Debug|Any CPU.ActiveCfg = Debug|iPhoneSimulator
		{12DFAFCE-6480-4299-8C91-E386EAC8B7D6}.Debug|Any CPU.Build.0 = Debug|iPhoneSimulator
		{12DFAFCE-6480-4299-8C91-E386EAC8B7D6}.Debug|Any CPU.Deploy.0 = Debug|iPhoneSimulator
		{12DFAFCE-6480-4299-8C91-E386EAC8B7D6}.Debug|ARM.ActiveCfg = Debug|iPhoneSimulator
		{12DFAFCE-6480-4299-8C91-E386EAC8B7D6}.Debug|ARM.Build.0 = Debug|iPhoneSimulator
		{12DFAFCE-6480-4299-8C91-E386EAC8B7D6}.Debug|ARM.Deploy.0 = Debug|iPhoneSimulator
		{12DFAFCE-6480-4299-8C91-E386EAC8B7D6}.Debug|iPhone.ActiveCfg = Debug|iPhone
		{12DFAFCE-6480-4299-8C91-E386EAC8B7D6}.Debug|iPhone.Build.0 = Debug|iPhone
		{12DFAFCE-6480-4299-8C91-E386EAC8B7D6}.Debug|iPhone.Deploy.0 = Debug|iPhone
		{12DFAFCE-6480-4299-8C91-E386EAC8B7D6}.Debug|iPhoneSimulator.ActiveCfg = Debug|iPhoneSimulator
		{12DFAFCE-6480-4299-8C91-E386EAC8B7D6}.Debug|iPhoneSimulator.Build.0 = Debug|iPhoneSimulator
		{12DFAFCE-6480-4299-8C91-E386EAC8B7D6}.Debug|iPhoneSimulator.Deploy.0 = Debug|iPhoneSimulator
		{12DFAFCE-6480-4299-8C91-E386EAC8B7D6}.Debug|x64.ActiveCfg = Debug|iPhone
		{12DFAFCE-6480-4299-8C91-E386EAC8B7D6}.Debug|x64.Build.0 = Debug|iPhone
		{12DFAFCE-6480-4299-8C91-E386EAC8B7D6}.Debug|x64.Deploy.0 = Debug|iPhone
		{12DFAFCE-6480-4299-8C91-E386EAC8B7D6}.Debug|x86.ActiveCfg = Debug|iPhoneSimulator
		{12DFAFCE-6480-4299-8C91-E386EAC8B7D6}.Debug|x86.Build.0 = Debug|iPhoneSimulator
		{12DFAFCE-6480-4299-8C91-E386EAC8B7D6}.Debug|x86.Deploy.0 = Debug|iPhoneSimulator
		{12DFAFCE-6480-4299-8C91-E386EAC8B7D6}.Release|Any CPU.ActiveCfg = Release|iPhoneSimulator
		{12DFAFCE-6480-4299-8C91-E386EAC8B7D6}.Release|Any CPU.Build.0 = Release|iPhoneSimulator
		{12DFAFCE-6480-4299-8C91-E386EAC8B7D6}.Release|Any CPU.Deploy.0 = Release|iPhoneSimulator
		{12DFAFCE-6480-4299-8C91-E386EAC8B7D6}.Release|ARM.ActiveCfg = Release|iPhoneSimulator
		{12DFAFCE-6480-4299-8C91-E386EAC8B7D6}.Release|ARM.Build.0 = Release|iPhoneSimulator
		{12DFAFCE-6480-4299-8C91-E386EAC8B7D6}.Release|ARM.Deploy.0 = Release|iPhoneSimulator
		{12DFAFCE-6480-4299-8C91-E386EAC8B7D6}.Release|iPhone.ActiveCfg = Release|iPhone
		{12DFAFCE-6480-4299-8C91-E386EAC8B7D6}.Release|iPhone.Build.0 = Release|iPhone
		{12DFAFCE-6480-4299-8C91-E386EAC8B7D6}.Release|iPhone.Deploy.0 = Release|iPhone
		{12DFAFCE-6480-4299-8C91-E386EAC8B7D6}.Release|iPhoneSimulator.ActiveCfg = Release|iPhoneSimulator
		{12DFAFCE-6480-4299-8C91-E386EAC8B7D6}.Release|iPhoneSimulator.Build.0 = Release|iPhoneSimulator
		{12DFAFCE-6480-4299-8C91-E386EAC8B7D6}.Release|iPhoneSimulator.Deploy.0 = Release|iPhoneSimulator
		{12DFAFCE-6480-4299-8C91-E386EAC8B7D6}.Release|x64.ActiveCfg = Release|iPhoneSimulator
		{12DFAFCE-6480-4299-8C91-E386EAC8B7D6}.Release|x64.Build.0 = Release|iPhoneSimulator
		{12DFAFCE-6480-4299-8C91-E386EAC8B7D6}.Release|x64.Deploy.0 = Release|iPhoneSimulator
		{12DFAFCE-6480-4299-8C91-E386EAC8B7D6}.Release|x86.ActiveCfg = Release|iPhoneSimulator
		{12DFAFCE-6480-4299-8C91-E386EAC8B7D6}.Release|x86.Build.0 = Release|iPhoneSimulator
		{12DFAFCE-6480-4299-8C91-E386EAC8B7D6}.Release|x86.Deploy.0 = Release|iPhoneSimulator
		{3D3F9D5A-D3E7-4F0C-8DD1-EF1AB2E2785B}.Debug|Any CPU.ActiveCfg = Debug|Any CPU
		{3D3F9D5A-D3E7-4F0C-8DD1-EF1AB2E2785B}.Debug|Any CPU.Build.0 = Debug|Any CPU
		{3D3F9D5A-D3E7-4F0C-8DD1-EF1AB2E2785B}.Debug|Any CPU.Deploy.0 = Debug|Any CPU
		{3D3F9D5A-D3E7-4F0C-8DD1-EF1AB2E2785B}.Debug|ARM.ActiveCfg = Debug|Any CPU
		{3D3F9D5A-D3E7-4F0C-8DD1-EF1AB2E2785B}.Debug|ARM.Build.0 = Debug|Any CPU
		{3D3F9D5A-D3E7-4F0C-8DD1-EF1AB2E2785B}.Debug|ARM.Deploy.0 = Debug|Any CPU
		{3D3F9D5A-D3E7-4F0C-8DD1-EF1AB2E2785B}.Debug|iPhone.ActiveCfg = Debug|Any CPU
		{3D3F9D5A-D3E7-4F0C-8DD1-EF1AB2E2785B}.Debug|iPhone.Build.0 = Debug|Any CPU
		{3D3F9D5A-D3E7-4F0C-8DD1-EF1AB2E2785B}.Debug|iPhone.Deploy.0 = Debug|Any CPU
		{3D3F9D5A-D3E7-4F0C-8DD1-EF1AB2E2785B}.Debug|iPhoneSimulator.ActiveCfg = Debug|Any CPU
		{3D3F9D5A-D3E7-4F0C-8DD1-EF1AB2E2785B}.Debug|iPhoneSimulator.Build.0 = Debug|Any CPU
		{3D3F9D5A-D3E7-4F0C-8DD1-EF1AB2E2785B}.Debug|iPhoneSimulator.Deploy.0 = Debug|Any CPU
		{3D3F9D5A-D3E7-4F0C-8DD1-EF1AB2E2785B}.Debug|x64.ActiveCfg = Debug|Any CPU
		{3D3F9D5A-D3E7-4F0C-8DD1-EF1AB2E2785B}.Debug|x64.Build.0 = Debug|Any CPU
		{3D3F9D5A-D3E7-4F0C-8DD1-EF1AB2E2785B}.Debug|x64.Deploy.0 = Debug|Any CPU
		{3D3F9D5A-D3E7-4F0C-8DD1-EF1AB2E2785B}.Debug|x86.ActiveCfg = Debug|Any CPU
		{3D3F9D5A-D3E7-4F0C-8DD1-EF1AB2E2785B}.Debug|x86.Build.0 = Debug|Any CPU
		{3D3F9D5A-D3E7-4F0C-8DD1-EF1AB2E2785B}.Debug|x86.Deploy.0 = Debug|Any CPU
		{3D3F9D5A-D3E7-4F0C-8DD1-EF1AB2E2785B}.Release|Any CPU.ActiveCfg = Release|Any CPU
		{3D3F9D5A-D3E7-4F0C-8DD1-EF1AB2E2785B}.Release|Any CPU.Build.0 = Release|Any CPU
		{3D3F9D5A-D3E7-4F0C-8DD1-EF1AB2E2785B}.Release|Any CPU.Deploy.0 = Release|Any CPU
		{3D3F9D5A-D3E7-4F0C-8DD1-EF1AB2E2785B}.Release|ARM.ActiveCfg = Release|Any CPU
		{3D3F9D5A-D3E7-4F0C-8DD1-EF1AB2E2785B}.Release|ARM.Build.0 = Release|Any CPU
		{3D3F9D5A-D3E7-4F0C-8DD1-EF1AB2E2785B}.Release|ARM.Deploy.0 = Release|Any CPU
		{3D3F9D5A-D3E7-4F0C-8DD1-EF1AB2E2785B}.Release|iPhone.ActiveCfg = Release|Any CPU
		{3D3F9D5A-D3E7-4F0C-8DD1-EF1AB2E2785B}.Release|iPhone.Build.0 = Release|Any CPU
		{3D3F9D5A-D3E7-4F0C-8DD1-EF1AB2E2785B}.Release|iPhone.Deploy.0 = Release|Any CPU
		{3D3F9D5A-D3E7-4F0C-8DD1-EF1AB2E2785B}.Release|iPhoneSimulator.ActiveCfg = Release|Any CPU
		{3D3F9D5A-D3E7-4F0C-8DD1-EF1AB2E2785B}.Release|iPhoneSimulator.Build.0 = Release|Any CPU
		{3D3F9D5A-D3E7-4F0C-8DD1-EF1AB2E2785B}.Release|iPhoneSimulator.Deploy.0 = Release|Any CPU
		{3D3F9D5A-D3E7-4F0C-8DD1-EF1AB2E2785B}.Release|x64.ActiveCfg = Release|Any CPU
		{3D3F9D5A-D3E7-4F0C-8DD1-EF1AB2E2785B}.Release|x64.Build.0 = Release|Any CPU
		{3D3F9D5A-D3E7-4F0C-8DD1-EF1AB2E2785B}.Release|x64.Deploy.0 = Release|Any CPU
		{3D3F9D5A-D3E7-4F0C-8DD1-EF1AB2E2785B}.Release|x86.ActiveCfg = Release|Any CPU
		{3D3F9D5A-D3E7-4F0C-8DD1-EF1AB2E2785B}.Release|x86.Build.0 = Release|Any CPU
		{3D3F9D5A-D3E7-4F0C-8DD1-EF1AB2E2785B}.Release|x86.Deploy.0 = Release|Any CPU
	EndGlobalSection
	GlobalSection(SolutionProperties) = preSolution
		HideSolutionNode = FALSE
	EndGlobalSection
	GlobalSection(ExtensibilityGlobals) = postSolution
		SolutionGuid = {A62D9070-6EE4-4D61-93B1-00B108B0C510}
	EndGlobalSection
EndGlobal
